
Microsoft Visual Studio Solution File, Format Version 12.00
# Visual Studio Version 17
VisualStudioVersion = 17.0.31521.260
MinimumVisualStudioVersion = 17.0.31521.260
Project("{2150E333-8FDC-42A3-9474-1A3956D46DE8}") = "Solution Items", "Solution Items", "{B9E4CC99-199C-4E3B-9EC5-D1FDFCD6C27B}"
	ProjectSection(SolutionItems) = preProject
		.editorconfig = .editorconfig
		Directory.Build.props = Directory.Build.props
		Directory.Build.targets = Directory.Build.targets
		global.json = global.json
		tools\Resources.tt = tools\Resources.tt
		eng\Versions.props = eng\Versions.props
		README.md = README.md
		test.runsettings = test.runsettings
		eng\Signing.props = eng\Signing.props
		eng\Publishing.props = eng\Publishing.props
		eng\DotNetBuild.props = eng\DotNetBuild.props
		NuGet.config = NuGet.config
		Directory.Packages.props = Directory.Packages.props
	EndProjectSection
EndProject
Project("{2150E333-8FDC-42A3-9474-1A3956D46DE8}") = "src", "src", "{CE6B50B2-34AE-44C9-940A-4E48C3E1B3BC}"
	ProjectSection(SolutionItems) = preProject
		src\Directory.Build.props = src\Directory.Build.props
	EndProjectSection
EndProject
Project("{9A19103F-16F7-4668-BE54-9A1E7A4F7556}") = "dotnet-ef", "src\dotnet-ef\dotnet-ef.csproj", "{2D66A1DA-D102-4DD9-960B-7D863BBB53DE}"
EndProject
Project("{9A19103F-16F7-4668-BE54-9A1E7A4F7556}") = "ef", "src\ef\ef.csproj", "{4F7C93F3-A30F-4061-804C-32293DC256A1}"
EndProject
Project("{9A19103F-16F7-4668-BE54-9A1E7A4F7556}") = "EFCore", "src\EFCore\EFCore.csproj", "{715C38E9-B2F5-4DB2-8025-0C6492DEBDD4}"
EndProject
Project("{9A19103F-16F7-4668-BE54-9A1E7A4F7556}") = "EFCore.Abstractions", "src\EFCore.Abstractions\EFCore.Abstractions.csproj", "{11B51A41-47CB-4EDB-9D8A-17095A65034A}"
EndProject
Project("{9A19103F-16F7-4668-BE54-9A1E7A4F7556}") = "EFCore.Design", "src\EFCore.Design\EFCore.Design.csproj", "{D3D0A8E8-EC2F-4E01-8650-8554E186A66F}"
EndProject
Project("{9A19103F-16F7-4668-BE54-9A1E7A4F7556}") = "EFCore.InMemory", "src\EFCore.InMemory\EFCore.InMemory.csproj", "{6B102CC4-4396-4A7B-9F72-2C6B5C4D8310}"
EndProject
Project("{9A19103F-16F7-4668-BE54-9A1E7A4F7556}") = "EFCore.Proxies", "src\EFCore.Proxies\EFCore.Proxies.csproj", "{467616E6-30EA-4861-B96B-9ABD46BE41EA}"
EndProject
Project("{9A19103F-16F7-4668-BE54-9A1E7A4F7556}") = "EFCore.Relational", "src\EFCore.Relational\EFCore.Relational.csproj", "{6A25DF99-2615-46D8-9532-821764647EE1}"
EndProject
Project("{9A19103F-16F7-4668-BE54-9A1E7A4F7556}") = "EFCore.Tools", "src\EFCore.Tools\EFCore.Tools.csproj", "{87ADBDB5-CA57-4EAB-9A8A-5E89480C9C6D}"
EndProject
Project("{2150E333-8FDC-42A3-9474-1A3956D46DE8}") = "test", "test", "{258D5057-81B9-40EC-A872-D21E27452749}"
	ProjectSection(SolutionItems) = preProject
		test\Directory.Build.props = test\Directory.Build.props
	EndProjectSection
EndProject
Project("{9A19103F-16F7-4668-BE54-9A1E7A4F7556}") = "dotnet-ef.Tests", "test\dotnet-ef.Tests\dotnet-ef.Tests.csproj", "{27018CE2-C235-439C-80F2-C573C8904892}"
EndProject
Project("{9A19103F-16F7-4668-BE54-9A1E7A4F7556}") = "ef.Tests", "test\ef.Tests\ef.Tests.csproj", "{935B51B9-A9B9-4DA2-93A2-663D3BCEAA83}"
EndProject
Project("{9A19103F-16F7-4668-BE54-9A1E7A4F7556}") = "EFCore.InMemory.FunctionalTests", "test\EFCore.InMemory.FunctionalTests\EFCore.InMemory.FunctionalTests.csproj", "{305B30D3-0E30-46E9-BA9D-060E0B79BE98}"
EndProject
Project("{9A19103F-16F7-4668-BE54-9A1E7A4F7556}") = "EFCore.InMemory.Tests", "test\EFCore.InMemory.Tests\EFCore.InMemory.Tests.csproj", "{AB8D4BD7-8AB6-4004-AF21-32790EED93BC}"
EndProject
Project("{9A19103F-16F7-4668-BE54-9A1E7A4F7556}") = "EFCore.Relational.Specification.Tests", "test\EFCore.Relational.Specification.Tests\EFCore.Relational.Specification.Tests.csproj", "{07FA2B15-A6A5-4292-A096-7771FB32EEDA}"
EndProject
Project("{9A19103F-16F7-4668-BE54-9A1E7A4F7556}") = "EFCore.Relational.Tests", "test\EFCore.Relational.Tests\EFCore.Relational.Tests.csproj", "{1A884122-DC9E-42B1-8821-E43340F954D1}"
EndProject
Project("{9A19103F-16F7-4668-BE54-9A1E7A4F7556}") = "EFCore.Specification.Tests", "test\EFCore.Specification.Tests\EFCore.Specification.Tests.csproj", "{1A73D95E-E8B5-4F96-908C-7B040E4F7AFE}"
EndProject
Project("{9A19103F-16F7-4668-BE54-9A1E7A4F7556}") = "EFCore.Tests", "test\EFCore.Tests\EFCore.Tests.csproj", "{313F46FE-9962-4A15-805F-FCBDF5A6181E}"
EndProject
Project("{9A19103F-16F7-4668-BE54-9A1E7A4F7556}") = "EFCore.Analyzers", "src\EFCore.Analyzers\EFCore.Analyzers.csproj", "{C0D4A199-3ED4-447B-8657-0502493294E7}"
EndProject
Project("{9A19103F-16F7-4668-BE54-9A1E7A4F7556}") = "EFCore.Analyzers.Tests", "test\EFCore.Analyzers.Tests\EFCore.Analyzers.Tests.csproj", "{7BC66E5C-BAA3-420B-8331-22821EBA361A}"
EndProject
Project("{9A19103F-16F7-4668-BE54-9A1E7A4F7556}") = "Microsoft.Data.Sqlite.Core", "src\Microsoft.Data.Sqlite.Core\Microsoft.Data.Sqlite.Core.csproj", "{775A9A2B-2EDB-4E2E-8E74-E46E8E8E1236}"
EndProject
Project("{9A19103F-16F7-4668-BE54-9A1E7A4F7556}") = "Microsoft.Data.Sqlite", "src\Microsoft.Data.Sqlite\Microsoft.Data.Sqlite.csproj", "{D766273B-DA6A-4C6C-A9CD-AB57EF1E4F22}"
EndProject
Project("{9A19103F-16F7-4668-BE54-9A1E7A4F7556}") = "Microsoft.Data.Sqlite.Tests", "test\Microsoft.Data.Sqlite.Tests\Microsoft.Data.Sqlite.Tests.csproj", "{51DAD0D5-5564-4FB7-B34C-98814C900DF9}"
EndProject
Project("{9A19103F-16F7-4668-BE54-9A1E7A4F7556}") = "Microsoft.Data.Sqlite.e_sqlcipher.Tests", "test\Microsoft.Data.Sqlite.Tests\Microsoft.Data.Sqlite.e_sqlcipher.Tests.csproj", "{7B598E0C-B8E2-4F1F-B53C-ED84178E65BE}"
EndProject
Project("{9A19103F-16F7-4668-BE54-9A1E7A4F7556}") = "Microsoft.Data.Sqlite.e_sqlite3mc.Tests", "test\Microsoft.Data.Sqlite.Tests\Microsoft.Data.Sqlite.e_sqlite3mc.Tests.csproj", "{203F3577-9E24-4714-AD31-F119B26FA8C1}"
EndProject
Project("{9A19103F-16F7-4668-BE54-9A1E7A4F7556}") = "Microsoft.Data.Sqlite.winsqlite3.Tests", "test\Microsoft.Data.Sqlite.Tests\Microsoft.Data.Sqlite.winsqlite3.Tests.csproj", "{B163761D-FB4A-4C80-BAB9-01905E1351EF}"
EndProject
Project("{9A19103F-16F7-4668-BE54-9A1E7A4F7556}") = "Microsoft.Data.Sqlite.sqlite3.Tests", "test\Microsoft.Data.Sqlite.Tests\Microsoft.Data.Sqlite.sqlite3.Tests.csproj", "{E0FF35C8-8038-4394-9C2A-AF34BE3CC61F}"
EndProject
Project("{9A19103F-16F7-4668-BE54-9A1E7A4F7556}") = "EFCore.AspNet.Specification.Tests", "test\EFCore.AspNet.Specification.Tests\EFCore.AspNet.Specification.Tests.csproj", "{80A812BF-8AB7-4197-AC1C-712BA5E818FB}"
EndProject
Project("{9A19103F-16F7-4668-BE54-9A1E7A4F7556}") = "EFCore.Templates", "src\EFCore.Templates\EFCore.Templates.csproj", "{1FE385D8-8F8B-4EC9-A1A9-AFCC38B8546C}"
EndProject
Project("{9A19103F-16F7-4668-BE54-9A1E7A4F7556}") = "EFCore.NativeAotTests", "test\EFCore.NativeAotTests\EFCore.NativeAotTests.csproj", "{2487950B-403A-482C-8ED3-CCF31E9E677F}"
EndProject
Project("{FAE04EC0-301F-11D3-BF4B-00C04F79EFBC}") = "BMDRM.LibSQL.Core", "src\BMDRM.LibSQL.Core\BMDRM.LibSQL.Core.csproj", "{54487584-01DD-44C0-9FBC-E84D83378C3D}"
EndProject
Project("{FAE04EC0-301F-11D3-BF4B-00C04F79EFBC}") = "EFCore.LibSql.FunctionalTests", "test\EFCore.LibSql.FunctionalTests\EFCore.LibSql.FunctionalTests.csproj", "{545C3081-C009-4523-8ADE-3129510B2F21}"
EndProject
Project("{FAE04EC0-301F-11D3-BF4B-00C04F79EFBC}") = "EFCore.LibSql.Tests", "test\EFCore.LibSQL.Tests\EFCore.LibSql.Tests.csproj", "{8AC4F9C9-F044-41FA-AA70-441663205E60}"
EndProject
Global
	GlobalSection(SolutionConfigurationPlatforms) = preSolution
		Debug|Any CPU = Debug|Any CPU
		Release|Any CPU = Release|Any CPU
	EndGlobalSection
	GlobalSection(ProjectConfigurationPlatforms) = postSolution
		{2D66A1DA-D102-4DD9-960B-7D863BBB53DE}.Debug|Any CPU.ActiveCfg = Debug|Any CPU
		{2D66A1DA-D102-4DD9-960B-7D863BBB53DE}.Debug|Any CPU.Build.0 = Debug|Any CPU
		{2D66A1DA-D102-4DD9-960B-7D863BBB53DE}.Release|Any CPU.ActiveCfg = Release|Any CPU
		{2D66A1DA-D102-4DD9-960B-7D863BBB53DE}.Release|Any CPU.Build.0 = Release|Any CPU
		{4F7C93F3-A30F-4061-804C-32293DC256A1}.Debug|Any CPU.ActiveCfg = Debug|Any CPU
		{4F7C93F3-A30F-4061-804C-32293DC256A1}.Debug|Any CPU.Build.0 = Debug|Any CPU
		{4F7C93F3-A30F-4061-804C-32293DC256A1}.Release|Any CPU.ActiveCfg = Release|Any CPU
		{4F7C93F3-A30F-4061-804C-32293DC256A1}.Release|Any CPU.Build.0 = Release|Any CPU
		{715C38E9-B2F5-4DB2-8025-0C6492DEBDD4}.Debug|Any CPU.ActiveCfg = Debug|Any CPU
		{715C38E9-B2F5-4DB2-8025-0C6492DEBDD4}.Debug|Any CPU.Build.0 = Debug|Any CPU
		{715C38E9-B2F5-4DB2-8025-0C6492DEBDD4}.Release|Any CPU.ActiveCfg = Release|Any CPU
		{715C38E9-B2F5-4DB2-8025-0C6492DEBDD4}.Release|Any CPU.Build.0 = Release|Any CPU
		{11B51A41-47CB-4EDB-9D8A-17095A65034A}.Debug|Any CPU.ActiveCfg = Debug|Any CPU
		{11B51A41-47CB-4EDB-9D8A-17095A65034A}.Debug|Any CPU.Build.0 = Debug|Any CPU
		{11B51A41-47CB-4EDB-9D8A-17095A65034A}.Release|Any CPU.ActiveCfg = Release|Any CPU
		{11B51A41-47CB-4EDB-9D8A-17095A65034A}.Release|Any CPU.Build.0 = Release|Any CPU
		{D3D0A8E8-EC2F-4E01-8650-8554E186A66F}.Debug|Any CPU.ActiveCfg = Debug|Any CPU
		{D3D0A8E8-EC2F-4E01-8650-8554E186A66F}.Debug|Any CPU.Build.0 = Debug|Any CPU
		{D3D0A8E8-EC2F-4E01-8650-8554E186A66F}.Release|Any CPU.ActiveCfg = Release|Any CPU
		{D3D0A8E8-EC2F-4E01-8650-8554E186A66F}.Release|Any CPU.Build.0 = Release|Any CPU
		{6B102CC4-4396-4A7B-9F72-2C6B5C4D8310}.Debug|Any CPU.ActiveCfg = Debug|Any CPU
		{6B102CC4-4396-4A7B-9F72-2C6B5C4D8310}.Debug|Any CPU.Build.0 = Debug|Any CPU
		{6B102CC4-4396-4A7B-9F72-2C6B5C4D8310}.Release|Any CPU.ActiveCfg = Release|Any CPU
		{6B102CC4-4396-4A7B-9F72-2C6B5C4D8310}.Release|Any CPU.Build.0 = Release|Any CPU
		{467616E6-30EA-4861-B96B-9ABD46BE41EA}.Debug|Any CPU.ActiveCfg = Debug|Any CPU
		{467616E6-30EA-4861-B96B-9ABD46BE41EA}.Debug|Any CPU.Build.0 = Debug|Any CPU
		{467616E6-30EA-4861-B96B-9ABD46BE41EA}.Release|Any CPU.ActiveCfg = Release|Any CPU
		{467616E6-30EA-4861-B96B-9ABD46BE41EA}.Release|Any CPU.Build.0 = Release|Any CPU
		{6A25DF99-2615-46D8-9532-821764647EE1}.Debug|Any CPU.ActiveCfg = Debug|Any CPU
		{6A25DF99-2615-46D8-9532-821764647EE1}.Debug|Any CPU.Build.0 = Debug|Any CPU
		{6A25DF99-2615-46D8-9532-821764647EE1}.Release|Any CPU.ActiveCfg = Release|Any CPU
		{6A25DF99-2615-46D8-9532-821764647EE1}.Release|Any CPU.Build.0 = Release|Any CPU
		{87ADBDB5-CA57-4EAB-9A8A-5E89480C9C6D}.Debug|Any CPU.ActiveCfg = Debug|Any CPU
		{87ADBDB5-CA57-4EAB-9A8A-5E89480C9C6D}.Debug|Any CPU.Build.0 = Debug|Any CPU
		{87ADBDB5-CA57-4EAB-9A8A-5E89480C9C6D}.Release|Any CPU.ActiveCfg = Release|Any CPU
		{87ADBDB5-CA57-4EAB-9A8A-5E89480C9C6D}.Release|Any CPU.Build.0 = Release|Any CPU
		{27018CE2-C235-439C-80F2-C573C8904892}.Debug|Any CPU.ActiveCfg = Debug|Any CPU
		{27018CE2-C235-439C-80F2-C573C8904892}.Debug|Any CPU.Build.0 = Debug|Any CPU
		{27018CE2-C235-439C-80F2-C573C8904892}.Release|Any CPU.ActiveCfg = Release|Any CPU
		{27018CE2-C235-439C-80F2-C573C8904892}.Release|Any CPU.Build.0 = Release|Any CPU
		{935B51B9-A9B9-4DA2-93A2-663D3BCEAA83}.Debug|Any CPU.ActiveCfg = Debug|Any CPU
		{935B51B9-A9B9-4DA2-93A2-663D3BCEAA83}.Debug|Any CPU.Build.0 = Debug|Any CPU
		{935B51B9-A9B9-4DA2-93A2-663D3BCEAA83}.Release|Any CPU.ActiveCfg = Release|Any CPU
		{935B51B9-A9B9-4DA2-93A2-663D3BCEAA83}.Release|Any CPU.Build.0 = Release|Any CPU
		{305B30D3-0E30-46E9-BA9D-060E0B79BE98}.Debug|Any CPU.ActiveCfg = Debug|Any CPU
		{305B30D3-0E30-46E9-BA9D-060E0B79BE98}.Debug|Any CPU.Build.0 = Debug|Any CPU
		{305B30D3-0E30-46E9-BA9D-060E0B79BE98}.Release|Any CPU.ActiveCfg = Release|Any CPU
		{305B30D3-0E30-46E9-BA9D-060E0B79BE98}.Release|Any CPU.Build.0 = Release|Any CPU
		{AB8D4BD7-8AB6-4004-AF21-32790EED93BC}.Debug|Any CPU.ActiveCfg = Debug|Any CPU
		{AB8D4BD7-8AB6-4004-AF21-32790EED93BC}.Debug|Any CPU.Build.0 = Debug|Any CPU
		{AB8D4BD7-8AB6-4004-AF21-32790EED93BC}.Release|Any CPU.ActiveCfg = Release|Any CPU
		{AB8D4BD7-8AB6-4004-AF21-32790EED93BC}.Release|Any CPU.Build.0 = Release|Any CPU
		{07FA2B15-A6A5-4292-A096-7771FB32EEDA}.Debug|Any CPU.ActiveCfg = Debug|Any CPU
		{07FA2B15-A6A5-4292-A096-7771FB32EEDA}.Debug|Any CPU.Build.0 = Debug|Any CPU
		{07FA2B15-A6A5-4292-A096-7771FB32EEDA}.Release|Any CPU.ActiveCfg = Release|Any CPU
		{07FA2B15-A6A5-4292-A096-7771FB32EEDA}.Release|Any CPU.Build.0 = Release|Any CPU
		{1A884122-DC9E-42B1-8821-E43340F954D1}.Debug|Any CPU.ActiveCfg = Debug|Any CPU
		{1A884122-DC9E-42B1-8821-E43340F954D1}.Debug|Any CPU.Build.0 = Debug|Any CPU
		{1A884122-DC9E-42B1-8821-E43340F954D1}.Release|Any CPU.ActiveCfg = Release|Any CPU
		{1A884122-DC9E-42B1-8821-E43340F954D1}.Release|Any CPU.Build.0 = Release|Any CPU
		{1A73D95E-E8B5-4F96-908C-7B040E4F7AFE}.Debug|Any CPU.ActiveCfg = Debug|Any CPU
		{1A73D95E-E8B5-4F96-908C-7B040E4F7AFE}.Debug|Any CPU.Build.0 = Debug|Any CPU
		{1A73D95E-E8B5-4F96-908C-7B040E4F7AFE}.Release|Any CPU.ActiveCfg = Release|Any CPU
		{1A73D95E-E8B5-4F96-908C-7B040E4F7AFE}.Release|Any CPU.Build.0 = Release|Any CPU
		{313F46FE-9962-4A15-805F-FCBDF5A6181E}.Debug|Any CPU.ActiveCfg = Debug|Any CPU
		{313F46FE-9962-4A15-805F-FCBDF5A6181E}.Debug|Any CPU.Build.0 = Debug|Any CPU
		{313F46FE-9962-4A15-805F-FCBDF5A6181E}.Release|Any CPU.ActiveCfg = Release|Any CPU
		{313F46FE-9962-4A15-805F-FCBDF5A6181E}.Release|Any CPU.Build.0 = Release|Any CPU
		{C0D4A199-3ED4-447B-8657-0502493294E7}.Debug|Any CPU.ActiveCfg = Debug|Any CPU
		{C0D4A199-3ED4-447B-8657-0502493294E7}.Debug|Any CPU.Build.0 = Debug|Any CPU
		{C0D4A199-3ED4-447B-8657-0502493294E7}.Release|Any CPU.ActiveCfg = Release|Any CPU
		{C0D4A199-3ED4-447B-8657-0502493294E7}.Release|Any CPU.Build.0 = Release|Any CPU
		{7BC66E5C-BAA3-420B-8331-22821EBA361A}.Debug|Any CPU.ActiveCfg = Debug|Any CPU
		{7BC66E5C-BAA3-420B-8331-22821EBA361A}.Debug|Any CPU.Build.0 = Debug|Any CPU
		{7BC66E5C-BAA3-420B-8331-22821EBA361A}.Release|Any CPU.ActiveCfg = Release|Any CPU
		{7BC66E5C-BAA3-420B-8331-22821EBA361A}.Release|Any CPU.Build.0 = Release|Any CPU
		{775A9A2B-2EDB-4E2E-8E74-E46E8E8E1236}.Debug|Any CPU.ActiveCfg = Debug|Any CPU
		{775A9A2B-2EDB-4E2E-8E74-E46E8E8E1236}.Debug|Any CPU.Build.0 = Debug|Any CPU
		{775A9A2B-2EDB-4E2E-8E74-E46E8E8E1236}.Release|Any CPU.ActiveCfg = Release|Any CPU
		{775A9A2B-2EDB-4E2E-8E74-E46E8E8E1236}.Release|Any CPU.Build.0 = Release|Any CPU
		{D766273B-DA6A-4C6C-A9CD-AB57EF1E4F22}.Debug|Any CPU.ActiveCfg = Debug|Any CPU
		{D766273B-DA6A-4C6C-A9CD-AB57EF1E4F22}.Debug|Any CPU.Build.0 = Debug|Any CPU
		{D766273B-DA6A-4C6C-A9CD-AB57EF1E4F22}.Release|Any CPU.ActiveCfg = Release|Any CPU
		{D766273B-DA6A-4C6C-A9CD-AB57EF1E4F22}.Release|Any CPU.Build.0 = Release|Any CPU
		{51DAD0D5-5564-4FB7-B34C-98814C900DF9}.Debug|Any CPU.ActiveCfg = Debug|Any CPU
		{51DAD0D5-5564-4FB7-B34C-98814C900DF9}.Debug|Any CPU.Build.0 = Debug|Any CPU
		{51DAD0D5-5564-4FB7-B34C-98814C900DF9}.Release|Any CPU.ActiveCfg = Release|Any CPU
		{51DAD0D5-5564-4FB7-B34C-98814C900DF9}.Release|Any CPU.Build.0 = Release|Any CPU
		{7B598E0C-B8E2-4F1F-B53C-ED84178E65BE}.Debug|Any CPU.ActiveCfg = Debug|Any CPU
		{7B598E0C-B8E2-4F1F-B53C-ED84178E65BE}.Debug|Any CPU.Build.0 = Debug|Any CPU
		{7B598E0C-B8E2-4F1F-B53C-ED84178E65BE}.Release|Any CPU.ActiveCfg = Release|Any CPU
		{7B598E0C-B8E2-4F1F-B53C-ED84178E65BE}.Release|Any CPU.Build.0 = Release|Any CPU
		{203F3577-9E24-4714-AD31-F119B26FA8C1}.Debug|Any CPU.ActiveCfg = Debug|Any CPU
		{203F3577-9E24-4714-AD31-F119B26FA8C1}.Debug|Any CPU.Build.0 = Debug|Any CPU
		{203F3577-9E24-4714-AD31-F119B26FA8C1}.Release|Any CPU.ActiveCfg = Release|Any CPU
		{203F3577-9E24-4714-AD31-F119B26FA8C1}.Release|Any CPU.Build.0 = Release|Any CPU
		{B163761D-FB4A-4C80-BAB9-01905E1351EF}.Debug|Any CPU.ActiveCfg = Debug|Any CPU
		{B163761D-FB4A-4C80-BAB9-01905E1351EF}.Debug|Any CPU.Build.0 = Debug|Any CPU
		{B163761D-FB4A-4C80-BAB9-01905E1351EF}.Release|Any CPU.ActiveCfg = Release|Any CPU
		{B163761D-FB4A-4C80-BAB9-01905E1351EF}.Release|Any CPU.Build.0 = Release|Any CPU
		{E0FF35C8-8038-4394-9C2A-AF34BE3CC61F}.Debug|Any CPU.ActiveCfg = Debug|Any CPU
		{E0FF35C8-8038-4394-9C2A-AF34BE3CC61F}.Debug|Any CPU.Build.0 = Debug|Any CPU
		{E0FF35C8-8038-4394-9C2A-AF34BE3CC61F}.Release|Any CPU.ActiveCfg = Release|Any CPU
		{E0FF35C8-8038-4394-9C2A-AF34BE3CC61F}.Release|Any CPU.Build.0 = Release|Any CPU
		{80A812BF-8AB7-4197-AC1C-712BA5E818FB}.Debug|Any CPU.ActiveCfg = Debug|Any CPU
		{80A812BF-8AB7-4197-AC1C-712BA5E818FB}.Debug|Any CPU.Build.0 = Debug|Any CPU
		{80A812BF-8AB7-4197-AC1C-712BA5E818FB}.Release|Any CPU.ActiveCfg = Release|Any CPU
		{80A812BF-8AB7-4197-AC1C-712BA5E818FB}.Release|Any CPU.Build.0 = Release|Any CPU
		{1FE385D8-8F8B-4EC9-A1A9-AFCC38B8546C}.Debug|Any CPU.ActiveCfg = Debug|Any CPU
		{1FE385D8-8F8B-4EC9-A1A9-AFCC38B8546C}.Debug|Any CPU.Build.0 = Debug|Any CPU
		{1FE385D8-8F8B-4EC9-A1A9-AFCC38B8546C}.Release|Any CPU.ActiveCfg = Release|Any CPU
		{1FE385D8-8F8B-4EC9-A1A9-AFCC38B8546C}.Release|Any CPU.Build.0 = Release|Any CPU
		{2487950B-403A-482C-8ED3-CCF31E9E677F}.Debug|Any CPU.ActiveCfg = Debug|Any CPU
		{2487950B-403A-482C-8ED3-CCF31E9E677F}.Release|Any CPU.ActiveCfg = Release|Any CPU
		{54487584-01DD-44C0-9FBC-E84D83378C3D}.Debug|Any CPU.ActiveCfg = Debug|Any CPU
		{54487584-01DD-44C0-9FBC-E84D83378C3D}.Debug|Any CPU.Build.0 = Debug|Any CPU
		{54487584-01DD-44C0-9FBC-E84D83378C3D}.Release|Any CPU.ActiveCfg = Release|Any CPU
		{54487584-01DD-44C0-9FBC-E84D83378C3D}.Release|Any CPU.Build.0 = Release|Any CPU
		{545C3081-C009-4523-8ADE-3129510B2F21}.Debug|Any CPU.ActiveCfg = Debug|Any CPU
		{545C3081-C009-4523-8ADE-3129510B2F21}.Debug|Any CPU.Build.0 = Debug|Any CPU
		{545C3081-C009-4523-8ADE-3129510B2F21}.Release|Any CPU.ActiveCfg = Release|Any CPU
		{545C3081-C009-4523-8ADE-3129510B2F21}.Release|Any CPU.Build.0 = Release|Any CPU
		{8AC4F9C9-F044-41FA-AA70-441663205E60}.Debug|Any CPU.ActiveCfg = Debug|Any CPU
		{8AC4F9C9-F044-41FA-AA70-441663205E60}.Debug|Any CPU.Build.0 = Debug|Any CPU
		{8AC4F9C9-F044-41FA-AA70-441663205E60}.Release|Any CPU.ActiveCfg = Release|Any CPU
		{8AC4F9C9-F044-41FA-AA70-441663205E60}.Release|Any CPU.Build.0 = Release|Any CPU
	EndGlobalSection
	GlobalSection(SolutionProperties) = preSolution
		HideSolutionNode = FALSE
	EndGlobalSection
	GlobalSection(NestedProjects) = preSolution
		{2D66A1DA-D102-4DD9-960B-7D863BBB53DE} = {CE6B50B2-34AE-44C9-940A-4E48C3E1B3BC}
		{4F7C93F3-A30F-4061-804C-32293DC256A1} = {CE6B50B2-34AE-44C9-940A-4E48C3E1B3BC}
		{715C38E9-B2F5-4DB2-8025-0C6492DEBDD4} = {CE6B50B2-34AE-44C9-940A-4E48C3E1B3BC}
		{11B51A41-47CB-4EDB-9D8A-17095A65034A} = {CE6B50B2-34AE-44C9-940A-4E48C3E1B3BC}
		{D3D0A8E8-EC2F-4E01-8650-8554E186A66F} = {CE6B50B2-34AE-44C9-940A-4E48C3E1B3BC}
		{6B102CC4-4396-4A7B-9F72-2C6B5C4D8310} = {CE6B50B2-34AE-44C9-940A-4E48C3E1B3BC}
		{467616E6-30EA-4861-B96B-9ABD46BE41EA} = {CE6B50B2-34AE-44C9-940A-4E48C3E1B3BC}
		{6A25DF99-2615-46D8-9532-821764647EE1} = {CE6B50B2-34AE-44C9-940A-4E48C3E1B3BC}
		{87ADBDB5-CA57-4EAB-9A8A-5E89480C9C6D} = {CE6B50B2-34AE-44C9-940A-4E48C3E1B3BC}
		{27018CE2-C235-439C-80F2-C573C8904892} = {258D5057-81B9-40EC-A872-D21E27452749}
		{935B51B9-A9B9-4DA2-93A2-663D3BCEAA83} = {258D5057-81B9-40EC-A872-D21E27452749}
		{305B30D3-0E30-46E9-BA9D-060E0B79BE98} = {258D5057-81B9-40EC-A872-D21E27452749}
		{AB8D4BD7-8AB6-4004-AF21-32790EED93BC} = {258D5057-81B9-40EC-A872-D21E27452749}
		{07FA2B15-A6A5-4292-A096-7771FB32EEDA} = {258D5057-81B9-40EC-A872-D21E27452749}
		{1A884122-DC9E-42B1-8821-E43340F954D1} = {258D5057-81B9-40EC-A872-D21E27452749}
		{1A73D95E-E8B5-4F96-908C-7B040E4F7AFE} = {258D5057-81B9-40EC-A872-D21E27452749}
		{313F46FE-9962-4A15-805F-FCBDF5A6181E} = {258D5057-81B9-40EC-A872-D21E27452749}
		{C0D4A199-3ED4-447B-8657-0502493294E7} = {CE6B50B2-34AE-44C9-940A-4E48C3E1B3BC}
		{7BC66E5C-BAA3-420B-8331-22821EBA361A} = {258D5057-81B9-40EC-A872-D21E27452749}
		{775A9A2B-2EDB-4E2E-8E74-E46E8E8E1236} = {CE6B50B2-34AE-44C9-940A-4E48C3E1B3BC}
		{D766273B-DA6A-4C6C-A9CD-AB57EF1E4F22} = {CE6B50B2-34AE-44C9-940A-4E48C3E1B3BC}
		{51DAD0D5-5564-4FB7-B34C-98814C900DF9} = {258D5057-81B9-40EC-A872-D21E27452749}
		{7B598E0C-B8E2-4F1F-B53C-ED84178E65BE} = {258D5057-81B9-40EC-A872-D21E27452749}
		{203F3577-9E24-4714-AD31-F119B26FA8C1} = {258D5057-81B9-40EC-A872-D21E27452749}
		{B163761D-FB4A-4C80-BAB9-01905E1351EF} = {258D5057-81B9-40EC-A872-D21E27452749}
		{E0FF35C8-8038-4394-9C2A-AF34BE3CC61F} = {258D5057-81B9-40EC-A872-D21E27452749}
		{80A812BF-8AB7-4197-AC1C-712BA5E818FB} = {258D5057-81B9-40EC-A872-D21E27452749}
		{1FE385D8-8F8B-4EC9-A1A9-AFCC38B8546C} = {CE6B50B2-34AE-44C9-940A-4E48C3E1B3BC}
		{2487950B-403A-482C-8ED3-CCF31E9E677F} = {258D5057-81B9-40EC-A872-D21E27452749}
		{54487584-01DD-44C0-9FBC-E84D83378C3D} = {CE6B50B2-34AE-44C9-940A-4E48C3E1B3BC}
		{545C3081-C009-4523-8ADE-3129510B2F21} = {258D5057-81B9-40EC-A872-D21E27452749}
		{8AC4F9C9-F044-41FA-AA70-441663205E60} = {258D5057-81B9-40EC-A872-D21E27452749}
	EndGlobalSection
	GlobalSection(ExtensibilityGlobals) = postSolution
		SolutionGuid = {285A5EB4-BCF4-40EB-B9E1-DF6DBCB5E705}
	EndGlobalSection
EndGlobal
